
Microsoft Visual Studio Solution File, Format Version 12.00
# Visual Studio Version 16
VisualStudioVersion = 16.0.29709.97
MinimumVisualStudioVersion = 10.0.40219.1
Project("{FAE04EC0-301F-11D3-BF4B-00C04F79EFBC}") = "CompGr1", "CompGr1\CompGr1.csproj", "{A7301755-44B9-4825-8EDC-DC88C1F35634}"
EndProject
Global
	GlobalSection(SolutionConfigurationPlatforms) = preSolution
		Debug|Any CPU = Debug|Any CPU
		Release|Any CPU = Release|Any CPU
	EndGlobalSection
	GlobalSection(ProjectConfigurationPlatforms) = postSolution
		{A7301755-44B9-4825-8EDC-DC88C1F35634}.Debug|Any CPU.ActiveCfg = Debug|Any CPU
		{A7301755-44B9-4825-8EDC-DC88C1F35634}.Debug|Any CPU.Build.0 = Debug|Any CPU
		{A7301755-44B9-4825-8EDC-DC88C1F35634}.Release|Any CPU.ActiveCfg = Release|Any CPU
		{A7301755-44B9-4825-8EDC-DC88C1F35634}.Release|Any CPU.Build.0 = Release|Any CPU
	EndGlobalSection
	GlobalSection(SolutionProperties) = preSolution
		HideSolutionNode = FALSE
	EndGlobalSection
	GlobalSection(ExtensibilityGlobals) = postSolution
		SolutionGuid = {B236414C-0DA6-4C29-A6AF-DF666F87F0A9}
	EndGlobalSection
EndGlobal
